// !$*UTF8*$!
{
	archiveVersion = 1;
	classes = {
	};
	objectVersion = 46;
	objects = {

/* Begin PBXBuildFile section */
		7167D234B1FEA78A23A986ED /* Pods_HabitKitFramework.framework in Frameworks */ = {isa = PBXBuildFile; fileRef = 98508CB7E5212ECB9D1FA303 /* Pods_HabitKitFramework.framework */; };
		9240CBDE1D2EA32B00239B7E /* AppDelegate.swift in Sources */ = {isa = PBXBuildFile; fileRef = 9240CBDD1D2EA32B00239B7E /* AppDelegate.swift */; };
		9240CBE01D2EA32B00239B7E /* ViewController.swift in Sources */ = {isa = PBXBuildFile; fileRef = 9240CBDF1D2EA32B00239B7E /* ViewController.swift */; };
		9240CBE31D2EA32B00239B7E /* Main.storyboard in Resources */ = {isa = PBXBuildFile; fileRef = 9240CBE11D2EA32B00239B7E /* Main.storyboard */; };
		9240CBE51D2EA32B00239B7E /* Assets.xcassets in Resources */ = {isa = PBXBuildFile; fileRef = 9240CBE41D2EA32B00239B7E /* Assets.xcassets */; };
		9240CBE81D2EA32B00239B7E /* LaunchScreen.storyboard in Resources */ = {isa = PBXBuildFile; fileRef = 9240CBE61D2EA32B00239B7E /* LaunchScreen.storyboard */; };
		9240CC041D2ED21300239B7E /* HabitKitFramework.h in Headers */ = {isa = PBXBuildFile; fileRef = 9240CC031D2ED21300239B7E /* HabitKitFramework.h */; settings = {ATTRIBUTES = (Public, ); }; };
		9240CC081D2ED21300239B7E /* HabitKitFramework.framework in Frameworks */ = {isa = PBXBuildFile; fileRef = 9240CC011D2ED21300239B7E /* HabitKitFramework.framework */; };
		9240CC091D2ED21300239B7E /* HabitKitFramework.framework in Embed Frameworks */ = {isa = PBXBuildFile; fileRef = 9240CC011D2ED21300239B7E /* HabitKitFramework.framework */; settings = {ATTRIBUTES = (CodeSignOnCopy, RemoveHeadersOnCopy, ); }; };
		9240CC0F1D2ED23C00239B7E /* Realm+Extensions.swift in Sources */ = {isa = PBXBuildFile; fileRef = 9240CBF81D2EA9BF00239B7E /* Realm+Extensions.swift */; };
		9240CC101D2ED23D00239B7E /* Collections+Extensions.swift in Sources */ = {isa = PBXBuildFile; fileRef = 9240CBFA1D2EAC0000239B7E /* Collections+Extensions.swift */; };
		9240CC111D2ED23D00239B7E /* HabitKit.swift in Sources */ = {isa = PBXBuildFile; fileRef = 9240CBF41D2EA7B900239B7E /* HabitKit.swift */; };
		9240CC121D2ED23D00239B7E /* HabitRule.swift in Sources */ = {isa = PBXBuildFile; fileRef = 9240CBF01D2EA38500239B7E /* HabitRule.swift */; };
		9240CC131D2ED23D00239B7E /* ActionHabitRule.swift in Sources */ = {isa = PBXBuildFile; fileRef = 9240CBF21D2EA79900239B7E /* ActionHabitRule.swift */; };
		9240CC141D2ED23D00239B7E /* ActionHabitRuleEntity.swift in Sources */ = {isa = PBXBuildFile; fileRef = 9240CBF61D2EA86200239B7E /* ActionHabitRuleEntity.swift */; };
		92F86B411D2ED63A00E0BFFF /* UISegmentedControl+Extensions.swift in Sources */ = {isa = PBXBuildFile; fileRef = 92F86B401D2ED63A00E0BFFF /* UISegmentedControl+Extensions.swift */; };
		92F86B451D2EDA9F00E0BFFF /* HKDeallocHook.h in Headers */ = {isa = PBXBuildFile; fileRef = 92F86B431D2EDA9F00E0BFFF /* HKDeallocHook.h */; settings = {ATTRIBUTES = (Public, ); }; };
		92F86B461D2EDA9F00E0BFFF /* HKDeallocHook.m in Sources */ = {isa = PBXBuildFile; fileRef = 92F86B441D2EDA9F00E0BFFF /* HKDeallocHook.m */; };
		A8CD5770328B7C987FDD5D19 /* Pods_HabitKit.framework in Frameworks */ = {isa = PBXBuildFile; fileRef = 896233AB84B5EAD22997457D /* Pods_HabitKit.framework */; };
/* End PBXBuildFile section */

/* Begin PBXContainerItemProxy section */
		9240CC061D2ED21300239B7E /* PBXContainerItemProxy */ = {
			isa = PBXContainerItemProxy;
			containerPortal = 9240CBD21D2EA32B00239B7E /* Project object */;
			proxyType = 1;
			remoteGlobalIDString = 9240CC001D2ED21300239B7E;
			remoteInfo = HabitKitFramework;
		};
/* End PBXContainerItemProxy section */

/* Begin PBXCopyFilesBuildPhase section */
		9240CC0D1D2ED21300239B7E /* Embed Frameworks */ = {
			isa = PBXCopyFilesBuildPhase;
			buildActionMask = 2147483647;
			dstPath = "";
			dstSubfolderSpec = 10;
			files = (
				9240CC091D2ED21300239B7E /* HabitKitFramework.framework in Embed Frameworks */,
			);
			name = "Embed Frameworks";
			runOnlyForDeploymentPostprocessing = 0;
		};
/* End PBXCopyFilesBuildPhase section */

/* Begin PBXFileReference section */
		019A9BAEE9D92D623810D62B /* Pods-HabitKit.debug.xcconfig */ = {isa = PBXFileReference; includeInIndex = 1; lastKnownFileType = text.xcconfig; name = "Pods-HabitKit.debug.xcconfig"; path = "Pods/Target Support Files/Pods-HabitKit/Pods-HabitKit.debug.xcconfig"; sourceTree = "<group>"; };
		3DB8329AE98C4F8642BD6164 /* Pods-HabitKitFramework.debug.xcconfig */ = {isa = PBXFileReference; includeInIndex = 1; lastKnownFileType = text.xcconfig; name = "Pods-HabitKitFramework.debug.xcconfig"; path = "Pods/Target Support Files/Pods-HabitKitFramework/Pods-HabitKitFramework.debug.xcconfig"; sourceTree = "<group>"; };
		896233AB84B5EAD22997457D /* Pods_HabitKit.framework */ = {isa = PBXFileReference; explicitFileType = wrapper.framework; includeInIndex = 0; path = Pods_HabitKit.framework; sourceTree = BUILT_PRODUCTS_DIR; };
		8A046300A7FB81050834155D /* Pods-HabitKit.release.xcconfig */ = {isa = PBXFileReference; includeInIndex = 1; lastKnownFileType = text.xcconfig; name = "Pods-HabitKit.release.xcconfig"; path = "Pods/Target Support Files/Pods-HabitKit/Pods-HabitKit.release.xcconfig"; sourceTree = "<group>"; };
		91723CA43D617A311AD70236 /* Pods-HabitKitFramework.release.xcconfig */ = {isa = PBXFileReference; includeInIndex = 1; lastKnownFileType = text.xcconfig; name = "Pods-HabitKitFramework.release.xcconfig"; path = "Pods/Target Support Files/Pods-HabitKitFramework/Pods-HabitKitFramework.release.xcconfig"; sourceTree = "<group>"; };
		9240CBDA1D2EA32B00239B7E /* HabitKit.app */ = {isa = PBXFileReference; explicitFileType = wrapper.application; includeInIndex = 0; path = HabitKit.app; sourceTree = BUILT_PRODUCTS_DIR; };
		9240CBDD1D2EA32B00239B7E /* AppDelegate.swift */ = {isa = PBXFileReference; lastKnownFileType = sourcecode.swift; path = AppDelegate.swift; sourceTree = "<group>"; };
		9240CBDF1D2EA32B00239B7E /* ViewController.swift */ = {isa = PBXFileReference; lastKnownFileType = sourcecode.swift; path = ViewController.swift; sourceTree = "<group>"; };
		9240CBE21D2EA32B00239B7E /* Base */ = {isa = PBXFileReference; lastKnownFileType = file.storyboard; name = Base; path = Base.lproj/Main.storyboard; sourceTree = "<group>"; };
		9240CBE41D2EA32B00239B7E /* Assets.xcassets */ = {isa = PBXFileReference; lastKnownFileType = folder.assetcatalog; path = Assets.xcassets; sourceTree = "<group>"; };
		9240CBE71D2EA32B00239B7E /* Base */ = {isa = PBXFileReference; lastKnownFileType = file.storyboard; name = Base; path = Base.lproj/LaunchScreen.storyboard; sourceTree = "<group>"; };
		9240CBE91D2EA32B00239B7E /* Info.plist */ = {isa = PBXFileReference; lastKnownFileType = text.plist.xml; path = Info.plist; sourceTree = "<group>"; };
		9240CBF01D2EA38500239B7E /* HabitRule.swift */ = {isa = PBXFileReference; fileEncoding = 4; lastKnownFileType = sourcecode.swift; name = HabitRule.swift; path = ../HabitKit/HabitRule.swift; sourceTree = "<group>"; };
		9240CBF21D2EA79900239B7E /* ActionHabitRule.swift */ = {isa = PBXFileReference; fileEncoding = 4; lastKnownFileType = sourcecode.swift; name = ActionHabitRule.swift; path = ../HabitKit/ActionHabitRule.swift; sourceTree = "<group>"; };
		9240CBF41D2EA7B900239B7E /* HabitKit.swift */ = {isa = PBXFileReference; fileEncoding = 4; lastKnownFileType = sourcecode.swift; name = HabitKit.swift; path = ../HabitKit/HabitKit.swift; sourceTree = "<group>"; };
		9240CBF61D2EA86200239B7E /* ActionHabitRuleEntity.swift */ = {isa = PBXFileReference; fileEncoding = 4; lastKnownFileType = sourcecode.swift; name = ActionHabitRuleEntity.swift; path = ../HabitKit/ActionHabitRuleEntity.swift; sourceTree = "<group>"; };
		9240CBF81D2EA9BF00239B7E /* Realm+Extensions.swift */ = {isa = PBXFileReference; fileEncoding = 4; lastKnownFileType = sourcecode.swift; name = "Realm+Extensions.swift"; path = "../HabitKit/Realm+Extensions.swift"; sourceTree = "<group>"; };
		9240CBFA1D2EAC0000239B7E /* Collections+Extensions.swift */ = {isa = PBXFileReference; fileEncoding = 4; lastKnownFileType = sourcecode.swift; name = "Collections+Extensions.swift"; path = "../HabitKit/Collections+Extensions.swift"; sourceTree = "<group>"; };
		9240CC011D2ED21300239B7E /* HabitKitFramework.framework */ = {isa = PBXFileReference; explicitFileType = wrapper.framework; includeInIndex = 0; path = HabitKitFramework.framework; sourceTree = BUILT_PRODUCTS_DIR; };
		9240CC031D2ED21300239B7E /* HabitKitFramework.h */ = {isa = PBXFileReference; lastKnownFileType = sourcecode.c.h; path = HabitKitFramework.h; sourceTree = "<group>"; };
		9240CC051D2ED21300239B7E /* Info.plist */ = {isa = PBXFileReference; lastKnownFileType = text.plist.xml; path = Info.plist; sourceTree = "<group>"; };
		92F86B401D2ED63A00E0BFFF /* UISegmentedControl+Extensions.swift */ = {isa = PBXFileReference; fileEncoding = 4; lastKnownFileType = sourcecode.swift; path = "UISegmentedControl+Extensions.swift"; sourceTree = "<group>"; };
		92F86B431D2EDA9F00E0BFFF /* HKDeallocHook.h */ = {isa = PBXFileReference; fileEncoding = 4; lastKnownFileType = sourcecode.c.h; path = HKDeallocHook.h; sourceTree = "<group>"; };
		92F86B441D2EDA9F00E0BFFF /* HKDeallocHook.m */ = {isa = PBXFileReference; fileEncoding = 4; lastKnownFileType = sourcecode.c.objc; path = HKDeallocHook.m; sourceTree = "<group>"; };
		98508CB7E5212ECB9D1FA303 /* Pods_HabitKitFramework.framework */ = {isa = PBXFileReference; explicitFileType = wrapper.framework; includeInIndex = 0; path = Pods_HabitKitFramework.framework; sourceTree = BUILT_PRODUCTS_DIR; };
/* End PBXFileReference section */

/* Begin PBXFrameworksBuildPhase section */
		9240CBD71D2EA32B00239B7E /* Frameworks */ = {
			isa = PBXFrameworksBuildPhase;
			buildActionMask = 2147483647;
			files = (
				9240CC081D2ED21300239B7E /* HabitKitFramework.framework in Frameworks */,
				A8CD5770328B7C987FDD5D19 /* Pods_HabitKit.framework in Frameworks */,
			);
			runOnlyForDeploymentPostprocessing = 0;
		};
		9240CBFD1D2ED21300239B7E /* Frameworks */ = {
			isa = PBXFrameworksBuildPhase;
			buildActionMask = 2147483647;
			files = (
				7167D234B1FEA78A23A986ED /* Pods_HabitKitFramework.framework in Frameworks */,
			);
			runOnlyForDeploymentPostprocessing = 0;
		};
/* End PBXFrameworksBuildPhase section */

/* Begin PBXGroup section */
		50ED61FFE44372935AD6507D /* Pods */ = {
			isa = PBXGroup;
			children = (
				3DB8329AE98C4F8642BD6164 /* Pods-HabitKitFramework.debug.xcconfig */,
				91723CA43D617A311AD70236 /* Pods-HabitKitFramework.release.xcconfig */,
				019A9BAEE9D92D623810D62B /* Pods-HabitKit.debug.xcconfig */,
				8A046300A7FB81050834155D /* Pods-HabitKit.release.xcconfig */,
			);
			name = Pods;
			sourceTree = "<group>";
		};
		9240CBD11D2EA32B00239B7E = {
			isa = PBXGroup;
			children = (
				9240CBDC1D2EA32B00239B7E /* HabitKit */,
				9240CC021D2ED21300239B7E /* HabitKitFramework */,
				9240CBDB1D2EA32B00239B7E /* Products */,
				50ED61FFE44372935AD6507D /* Pods */,
				E43EBEFCCA363B3F5E74929B /* Frameworks */,
			);
			sourceTree = "<group>";
		};
		9240CBDB1D2EA32B00239B7E /* Products */ = {
			isa = PBXGroup;
			children = (
				9240CBDA1D2EA32B00239B7E /* HabitKit.app */,
				9240CC011D2ED21300239B7E /* HabitKitFramework.framework */,
			);
			name = Products;
			sourceTree = "<group>";
		};
		9240CBDC1D2EA32B00239B7E /* HabitKit */ = {
			isa = PBXGroup;
			children = (
				9240CBDD1D2EA32B00239B7E /* AppDelegate.swift */,
				9240CBDF1D2EA32B00239B7E /* ViewController.swift */,
				9240CBE11D2EA32B00239B7E /* Main.storyboard */,
				9240CBE41D2EA32B00239B7E /* Assets.xcassets */,
				9240CBE61D2EA32B00239B7E /* LaunchScreen.storyboard */,
				9240CBE91D2EA32B00239B7E /* Info.plist */,
			);
			path = HabitKit;
			sourceTree = "<group>";
		};
		9240CC021D2ED21300239B7E /* HabitKitFramework */ = {
			isa = PBXGroup;
			children = (
				92F86B3F1D2ED62800E0BFFF /* UIKit */,
				9240CC0E1D2ED22C00239B7E /* Core */,
				9240CC031D2ED21300239B7E /* HabitKitFramework.h */,
				9240CC051D2ED21300239B7E /* Info.plist */,
			);
			path = HabitKitFramework;
			sourceTree = "<group>";
		};
		9240CC0E1D2ED22C00239B7E /* Core */ = {
			isa = PBXGroup;
			children = (
				9240CBF81D2EA9BF00239B7E /* Realm+Extensions.swift */,
				9240CBFA1D2EAC0000239B7E /* Collections+Extensions.swift */,
				9240CBF41D2EA7B900239B7E /* HabitKit.swift */,
				9240CBF01D2EA38500239B7E /* HabitRule.swift */,
				9240CBF21D2EA79900239B7E /* ActionHabitRule.swift */,
				9240CBF61D2EA86200239B7E /* ActionHabitRuleEntity.swift */,
				92F86B431D2EDA9F00E0BFFF /* HKDeallocHook.h */,
				92F86B441D2EDA9F00E0BFFF /* HKDeallocHook.m */,
			);
			name = Core;
			sourceTree = "<group>";
		};
		92F86B3F1D2ED62800E0BFFF /* UIKit */ = {
			isa = PBXGroup;
			children = (
				92F86B401D2ED63A00E0BFFF /* UISegmentedControl+Extensions.swift */,
			);
			name = UIKit;
			sourceTree = "<group>";
		};
		E43EBEFCCA363B3F5E74929B /* Frameworks */ = {
			isa = PBXGroup;
			children = (
				896233AB84B5EAD22997457D /* Pods_HabitKit.framework */,
				98508CB7E5212ECB9D1FA303 /* Pods_HabitKitFramework.framework */,
			);
			name = Frameworks;
			sourceTree = "<group>";
		};
/* End PBXGroup section */

/* Begin PBXHeadersBuildPhase section */
		9240CBFE1D2ED21300239B7E /* Headers */ = {
			isa = PBXHeadersBuildPhase;
			buildActionMask = 2147483647;
			files = (
				9240CC041D2ED21300239B7E /* HabitKitFramework.h in Headers */,
				92F86B451D2EDA9F00E0BFFF /* HKDeallocHook.h in Headers */,
			);
			runOnlyForDeploymentPostprocessing = 0;
		};
/* End PBXHeadersBuildPhase section */

/* Begin PBXNativeTarget section */
		9240CBD91D2EA32B00239B7E /* HabitKit */ = {
			isa = PBXNativeTarget;
			buildConfigurationList = 9240CBEC1D2EA32B00239B7E /* Build configuration list for PBXNativeTarget "HabitKit" */;
			buildPhases = (
				96DC234D474A9342DEBBB05B /* [CP] Check Pods Manifest.lock */,
				9240CBD61D2EA32B00239B7E /* Sources */,
				9240CBD71D2EA32B00239B7E /* Frameworks */,
				9240CBD81D2EA32B00239B7E /* Resources */,
				9240CC0D1D2ED21300239B7E /* Embed Frameworks */,
				B371CD52AE6F59811B6777C3 /* [CP] Embed Pods Frameworks */,
				2D663BF582A2FA2E97198E60 /* [CP] Copy Pods Resources */,
			);
			buildRules = (
			);
			dependencies = (
				9240CC071D2ED21300239B7E /* PBXTargetDependency */,
			);
			name = HabitKit;
			productName = HabitKit;
			productReference = 9240CBDA1D2EA32B00239B7E /* HabitKit.app */;
			productType = "com.apple.product-type.application";
		};
		9240CC001D2ED21300239B7E /* HabitKitFramework */ = {
			isa = PBXNativeTarget;
			buildConfigurationList = 9240CC0C1D2ED21300239B7E /* Build configuration list for PBXNativeTarget "HabitKitFramework" */;
			buildPhases = (
				27C9BD9D52434F94B4DEB108 /* [CP] Check Pods Manifest.lock */,
				9240CBFC1D2ED21300239B7E /* Sources */,
				9240CBFD1D2ED21300239B7E /* Frameworks */,
				9240CBFE1D2ED21300239B7E /* Headers */,
				9240CBFF1D2ED21300239B7E /* Resources */,
				3992DEC6D3FF3F6D4B2852B6 /* [CP] Copy Pods Resources */,
			);
			buildRules = (
			);
			dependencies = (
			);
			name = HabitKitFramework;
			productName = HabitKitFramework;
			productReference = 9240CC011D2ED21300239B7E /* HabitKitFramework.framework */;
			productType = "com.apple.product-type.framework";
		};
/* End PBXNativeTarget section */

/* Begin PBXProject section */
		9240CBD21D2EA32B00239B7E /* Project object */ = {
			isa = PBXProject;
			attributes = {
				LastSwiftUpdateCheck = 0730;
				LastUpgradeCheck = 0730;
				ORGANIZATIONNAME = "Alexander Zimin";
				TargetAttributes = {
					9240CBD91D2EA32B00239B7E = {
						CreatedOnToolsVersion = 7.3.1;
					};
					9240CC001D2ED21300239B7E = {
						CreatedOnToolsVersion = 7.3.1;
					};
				};
			};
			buildConfigurationList = 9240CBD51D2EA32B00239B7E /* Build configuration list for PBXProject "HabitKit" */;
			compatibilityVersion = "Xcode 3.2";
			developmentRegion = English;
			hasScannedForEncodings = 0;
			knownRegions = (
				en,
				Base,
			);
			mainGroup = 9240CBD11D2EA32B00239B7E;
			productRefGroup = 9240CBDB1D2EA32B00239B7E /* Products */;
			projectDirPath = "";
			projectRoot = "";
			targets = (
				9240CBD91D2EA32B00239B7E /* HabitKit */,
				9240CC001D2ED21300239B7E /* HabitKitFramework */,
			);
		};
/* End PBXProject section */

/* Begin PBXResourcesBuildPhase section */
		9240CBD81D2EA32B00239B7E /* Resources */ = {
			isa = PBXResourcesBuildPhase;
			buildActionMask = 2147483647;
			files = (
				9240CBE81D2EA32B00239B7E /* LaunchScreen.storyboard in Resources */,
				9240CBE51D2EA32B00239B7E /* Assets.xcassets in Resources */,
				9240CBE31D2EA32B00239B7E /* Main.storyboard in Resources */,
			);
			runOnlyForDeploymentPostprocessing = 0;
		};
		9240CBFF1D2ED21300239B7E /* Resources */ = {
			isa = PBXResourcesBuildPhase;
			buildActionMask = 2147483647;
			files = (
			);
			runOnlyForDeploymentPostprocessing = 0;
		};
/* End PBXResourcesBuildPhase section */

/* Begin PBXShellScriptBuildPhase section */
		27C9BD9D52434F94B4DEB108 /* [CP] Check Pods Manifest.lock */ = {
			isa = PBXShellScriptBuildPhase;
			buildActionMask = 2147483647;
			files = (
			);
			inputPaths = (
			);
			name = "[CP] Check Pods Manifest.lock";
			outputPaths = (
			);
			runOnlyForDeploymentPostprocessing = 0;
			shellPath = /bin/sh;
			shellScript = "diff \"${PODS_ROOT}/../Podfile.lock\" \"${PODS_ROOT}/Manifest.lock\" > /dev/null\nif [[ $? != 0 ]] ; then\n    cat << EOM\nerror: The sandbox is not in sync with the Podfile.lock. Run 'pod install' or update your CocoaPods installation.\nEOM\n    exit 1\nfi\n";
			showEnvVarsInLog = 0;
		};
		2D663BF582A2FA2E97198E60 /* [CP] Copy Pods Resources */ = {
			isa = PBXShellScriptBuildPhase;
			buildActionMask = 2147483647;
			files = (
			);
			inputPaths = (
			);
			name = "[CP] Copy Pods Resources";
			outputPaths = (
			);
			runOnlyForDeploymentPostprocessing = 0;
			shellPath = /bin/sh;
			shellScript = "\"${SRCROOT}/Pods/Target Support Files/Pods-HabitKit/Pods-HabitKit-resources.sh\"\n";
			showEnvVarsInLog = 0;
		};
		3992DEC6D3FF3F6D4B2852B6 /* [CP] Copy Pods Resources */ = {
			isa = PBXShellScriptBuildPhase;
			buildActionMask = 2147483647;
			files = (
			);
			inputPaths = (
			);
			name = "[CP] Copy Pods Resources";
			outputPaths = (
			);
			runOnlyForDeploymentPostprocessing = 0;
			shellPath = /bin/sh;
			shellScript = "\"${SRCROOT}/Pods/Target Support Files/Pods-HabitKitFramework/Pods-HabitKitFramework-resources.sh\"\n";
			showEnvVarsInLog = 0;
		};
		96DC234D474A9342DEBBB05B /* [CP] Check Pods Manifest.lock */ = {
			isa = PBXShellScriptBuildPhase;
			buildActionMask = 2147483647;
			files = (
			);
			inputPaths = (
			);
			name = "[CP] Check Pods Manifest.lock";
			outputPaths = (
			);
			runOnlyForDeploymentPostprocessing = 0;
			shellPath = /bin/sh;
			shellScript = "diff \"${PODS_ROOT}/../Podfile.lock\" \"${PODS_ROOT}/Manifest.lock\" > /dev/null\nif [[ $? != 0 ]] ; then\n    cat << EOM\nerror: The sandbox is not in sync with the Podfile.lock. Run 'pod install' or update your CocoaPods installation.\nEOM\n    exit 1\nfi\n";
			showEnvVarsInLog = 0;
		};
		B371CD52AE6F59811B6777C3 /* [CP] Embed Pods Frameworks */ = {
			isa = PBXShellScriptBuildPhase;
			buildActionMask = 2147483647;
			files = (
			);
			inputPaths = (
			);
			name = "[CP] Embed Pods Frameworks";
			outputPaths = (
			);
			runOnlyForDeploymentPostprocessing = 0;
			shellPath = /bin/sh;
			shellScript = "\"${SRCROOT}/Pods/Target Support Files/Pods-HabitKit/Pods-HabitKit-frameworks.sh\"\n";
			showEnvVarsInLog = 0;
		};
/* End PBXShellScriptBuildPhase section */

/* Begin PBXSourcesBuildPhase section */
		9240CBD61D2EA32B00239B7E /* Sources */ = {
			isa = PBXSourcesBuildPhase;
			buildActionMask = 2147483647;
			files = (
				9240CBE01D2EA32B00239B7E /* ViewController.swift in Sources */,
				9240CBDE1D2EA32B00239B7E /* AppDelegate.swift in Sources */,
			);
			runOnlyForDeploymentPostprocessing = 0;
		};
		9240CBFC1D2ED21300239B7E /* Sources */ = {
			isa = PBXSourcesBuildPhase;
			buildActionMask = 2147483647;
			files = (
				9240CC0F1D2ED23C00239B7E /* Realm+Extensions.swift in Sources */,
				9240CC111D2ED23D00239B7E /* HabitKit.swift in Sources */,
				92F86B461D2EDA9F00E0BFFF /* HKDeallocHook.m in Sources */,
				9240CC121D2ED23D00239B7E /* HabitRule.swift in Sources */,
				92F86B411D2ED63A00E0BFFF /* UISegmentedControl+Extensions.swift in Sources */,
				9240CC141D2ED23D00239B7E /* ActionHabitRuleEntity.swift in Sources */,
				9240CC101D2ED23D00239B7E /* Collections+Extensions.swift in Sources */,
				9240CC131D2ED23D00239B7E /* ActionHabitRule.swift in Sources */,
			);
			runOnlyForDeploymentPostprocessing = 0;
		};
/* End PBXSourcesBuildPhase section */

/* Begin PBXTargetDependency section */
		9240CC071D2ED21300239B7E /* PBXTargetDependency */ = {
			isa = PBXTargetDependency;
			target = 9240CC001D2ED21300239B7E /* HabitKitFramework */;
			targetProxy = 9240CC061D2ED21300239B7E /* PBXContainerItemProxy */;
		};
/* End PBXTargetDependency section */

/* Begin PBXVariantGroup section */
		9240CBE11D2EA32B00239B7E /* Main.storyboard */ = {
			isa = PBXVariantGroup;
			children = (
				9240CBE21D2EA32B00239B7E /* Base */,
			);
			name = Main.storyboard;
			sourceTree = "<group>";
		};
		9240CBE61D2EA32B00239B7E /* LaunchScreen.storyboard */ = {
			isa = PBXVariantGroup;
			children = (
				9240CBE71D2EA32B00239B7E /* Base */,
			);
			name = LaunchScreen.storyboard;
			sourceTree = "<group>";
		};
/* End PBXVariantGroup section */

/* Begin XCBuildConfiguration section */
		9240CBEA1D2EA32B00239B7E /* Debug */ = {
			isa = XCBuildConfiguration;
			buildSettings = {
				ALWAYS_SEARCH_USER_PATHS = NO;
				CLANG_ANALYZER_NONNULL = YES;
				CLANG_CXX_LANGUAGE_STANDARD = "gnu++0x";
				CLANG_CXX_LIBRARY = "libc++";
				CLANG_ENABLE_MODULES = YES;
				CLANG_ENABLE_OBJC_ARC = YES;
				CLANG_WARN_BOOL_CONVERSION = YES;
				CLANG_WARN_CONSTANT_CONVERSION = YES;
				CLANG_WARN_DIRECT_OBJC_ISA_USAGE = YES_ERROR;
				CLANG_WARN_EMPTY_BODY = YES;
				CLANG_WARN_ENUM_CONVERSION = YES;
				CLANG_WARN_INT_CONVERSION = YES;
				CLANG_WARN_OBJC_ROOT_CLASS = YES_ERROR;
				CLANG_WARN_UNREACHABLE_CODE = YES;
				CLANG_WARN__DUPLICATE_METHOD_MATCH = YES;
				"CODE_SIGN_IDENTITY[sdk=iphoneos*]" = "iPhone Developer";
				COPY_PHASE_STRIP = NO;
				DEBUG_INFORMATION_FORMAT = dwarf;
				ENABLE_STRICT_OBJC_MSGSEND = YES;
				ENABLE_TESTABILITY = YES;
				GCC_C_LANGUAGE_STANDARD = gnu99;
				GCC_DYNAMIC_NO_PIC = NO;
				GCC_NO_COMMON_BLOCKS = YES;
				GCC_OPTIMIZATION_LEVEL = 0;
				GCC_PREPROCESSOR_DEFINITIONS = (
					"DEBUG=1",
					"$(inherited)",
				);
				GCC_WARN_64_TO_32_BIT_CONVERSION = YES;
				GCC_WARN_ABOUT_RETURN_TYPE = YES_ERROR;
				GCC_WARN_UNDECLARED_SELECTOR = YES;
				GCC_WARN_UNINITIALIZED_AUTOS = YES_AGGRESSIVE;
				GCC_WARN_UNUSED_FUNCTION = YES;
				GCC_WARN_UNUSED_VARIABLE = YES;
				IPHONEOS_DEPLOYMENT_TARGET = 9.3;
				MTL_ENABLE_DEBUG_INFO = YES;
				ONLY_ACTIVE_ARCH = YES;
				SDKROOT = iphoneos;
				SWIFT_OPTIMIZATION_LEVEL = "-Onone";
			};
			name = Debug;
		};
		9240CBEB1D2EA32B00239B7E /* Release */ = {
			isa = XCBuildConfiguration;
			buildSettings = {
				ALWAYS_SEARCH_USER_PATHS = NO;
				CLANG_ANALYZER_NONNULL = YES;
				CLANG_CXX_LANGUAGE_STANDARD = "gnu++0x";
				CLANG_CXX_LIBRARY = "libc++";
				CLANG_ENABLE_MODULES = YES;
				CLANG_ENABLE_OBJC_ARC = YES;
				CLANG_WARN_BOOL_CONVERSION = YES;
				CLANG_WARN_CONSTANT_CONVERSION = YES;
				CLANG_WARN_DIRECT_OBJC_ISA_USAGE = YES_ERROR;
				CLANG_WARN_EMPTY_BODY = YES;
				CLANG_WARN_ENUM_CONVERSION = YES;
				CLANG_WARN_INT_CONVERSION = YES;
				CLANG_WARN_OBJC_ROOT_CLASS = YES_ERROR;
				CLANG_WARN_UNREACHABLE_CODE = YES;
				CLANG_WARN__DUPLICATE_METHOD_MATCH = YES;
				"CODE_SIGN_IDENTITY[sdk=iphoneos*]" = "iPhone Developer";
				COPY_PHASE_STRIP = NO;
				DEBUG_INFORMATION_FORMAT = "dwarf-with-dsym";
				ENABLE_NS_ASSERTIONS = NO;
				ENABLE_STRICT_OBJC_MSGSEND = YES;
				GCC_C_LANGUAGE_STANDARD = gnu99;
				GCC_NO_COMMON_BLOCKS = YES;
				GCC_WARN_64_TO_32_BIT_CONVERSION = YES;
				GCC_WARN_ABOUT_RETURN_TYPE = YES_ERROR;
				GCC_WARN_UNDECLARED_SELECTOR = YES;
				GCC_WARN_UNINITIALIZED_AUTOS = YES_AGGRESSIVE;
				GCC_WARN_UNUSED_FUNCTION = YES;
				GCC_WARN_UNUSED_VARIABLE = YES;
				IPHONEOS_DEPLOYMENT_TARGET = 9.3;
				MTL_ENABLE_DEBUG_INFO = NO;
				SDKROOT = iphoneos;
				VALIDATE_PRODUCT = YES;
			};
			name = Release;
		};
		9240CBED1D2EA32B00239B7E /* Debug */ = {
			isa = XCBuildConfiguration;
			baseConfigurationReference = 019A9BAEE9D92D623810D62B /* Pods-HabitKit.debug.xcconfig */;
			buildSettings = {
				ASSETCATALOG_COMPILER_APPICON_NAME = AppIcon;
				EMBEDDED_CONTENT_CONTAINS_SWIFT = YES;
				INFOPLIST_FILE = HabitKit/Info.plist;
				LD_RUNPATH_SEARCH_PATHS = "$(inherited) @executable_path/Frameworks";
				PRODUCT_BUNDLE_IDENTIFIER = com.alex.HabitKit;
				PRODUCT_NAME = "$(TARGET_NAME)";
			};
			name = Debug;
		};
		9240CBEE1D2EA32B00239B7E /* Release */ = {
			isa = XCBuildConfiguration;
			baseConfigurationReference = 8A046300A7FB81050834155D /* Pods-HabitKit.release.xcconfig */;
			buildSettings = {
				ASSETCATALOG_COMPILER_APPICON_NAME = AppIcon;
				EMBEDDED_CONTENT_CONTAINS_SWIFT = YES;
				INFOPLIST_FILE = HabitKit/Info.plist;
				LD_RUNPATH_SEARCH_PATHS = "$(inherited) @executable_path/Frameworks";
				PRODUCT_BUNDLE_IDENTIFIER = com.alex.HabitKit;
				PRODUCT_NAME = "$(TARGET_NAME)";
			};
			name = Release;
		};
		9240CC0A1D2ED21300239B7E /* Debug */ = {
			isa = XCBuildConfiguration;
			baseConfigurationReference = 3DB8329AE98C4F8642BD6164 /* Pods-HabitKitFramework.debug.xcconfig */;
			buildSettings = {
				CLANG_ALLOW_NON_MODULAR_INCLUDES_IN_FRAMEWORK_MODULES = NO;
				CLANG_ENABLE_MODULES = YES;
				CURRENT_PROJECT_VERSION = 1;
				DEFINES_MODULE = YES;
				DYLIB_COMPATIBILITY_VERSION = 1;
				DYLIB_CURRENT_VERSION = 1;
				DYLIB_INSTALL_NAME_BASE = "@rpath";
				INFOPLIST_FILE = HabitKitFramework/Info.plist;
				INSTALL_PATH = "$(LOCAL_LIBRARY_DIR)/Frameworks";
				LD_RUNPATH_SEARCH_PATHS = "$(inherited) @executable_path/Frameworks @loader_path/Frameworks";
				MODULEMAP_PRIVATE_FILE = "";
				PRODUCT_BUNDLE_IDENTIFIER = com.alex.HabitKitFramework;
				PRODUCT_NAME = "$(TARGET_NAME)";
				SKIP_INSTALL = YES;
				SWIFT_OBJC_BRIDGING_HEADER = "";
				SWIFT_OPTIMIZATION_LEVEL = "-Onone";
				TARGETED_DEVICE_FAMILY = "1,2";
				VERSIONING_SYSTEM = "apple-generic";
				VERSION_INFO_PREFIX = "";
			};
			name = Debug;
		};
		9240CC0B1D2ED21300239B7E /* Release */ = {
			isa = XCBuildConfiguration;
			baseConfigurationReference = 91723CA43D617A311AD70236 /* Pods-HabitKitFramework.release.xcconfig */;
			buildSettings = {
				CLANG_ALLOW_NON_MODULAR_INCLUDES_IN_FRAMEWORK_MODULES = NO;
				CLANG_ENABLE_MODULES = YES;
				CURRENT_PROJECT_VERSION = 1;
				DEFINES_MODULE = YES;
				DYLIB_COMPATIBILITY_VERSION = 1;
				DYLIB_CURRENT_VERSION = 1;
				DYLIB_INSTALL_NAME_BASE = "@rpath";
				INFOPLIST_FILE = HabitKitFramework/Info.plist;
				INSTALL_PATH = "$(LOCAL_LIBRARY_DIR)/Frameworks";
				LD_RUNPATH_SEARCH_PATHS = "$(inherited) @executable_path/Frameworks @loader_path/Frameworks";
				MODULEMAP_PRIVATE_FILE = "";
				PRODUCT_BUNDLE_IDENTIFIER = com.alex.HabitKitFramework;
				PRODUCT_NAME = "$(TARGET_NAME)";
				SKIP_INSTALL = YES;
				SWIFT_OBJC_BRIDGING_HEADER = "";
				TARGETED_DEVICE_FAMILY = "1,2";
				VERSIONING_SYSTEM = "apple-generic";
				VERSION_INFO_PREFIX = "";
			};
			name = Release;
		};
/* End XCBuildConfiguration section */

/* Begin XCConfigurationList section */
		9240CBD51D2EA32B00239B7E /* Build configuration list for PBXProject "HabitKit" */ = {
			isa = XCConfigurationList;
			buildConfigurations = (
				9240CBEA1D2EA32B00239B7E /* Debug */,
				9240CBEB1D2EA32B00239B7E /* Release */,
			);
			defaultConfigurationIsVisible = 0;
			defaultConfigurationName = Release;
		};
		9240CBEC1D2EA32B00239B7E /* Build configuration list for PBXNativeTarget "HabitKit" */ = {
			isa = XCConfigurationList;
			buildConfigurations = (
				9240CBED1D2EA32B00239B7E /* Debug */,
				9240CBEE1D2EA32B00239B7E /* Release */,
			);
			defaultConfigurationIsVisible = 0;
			defaultConfigurationName = Release;
		};
		9240CC0C1D2ED21300239B7E /* Build configuration list for PBXNativeTarget "HabitKitFramework" */ = {
			isa = XCConfigurationList;
			buildConfigurations = (
				9240CC0A1D2ED21300239B7E /* Debug */,
				9240CC0B1D2ED21300239B7E /* Release */,
			);
			defaultConfigurationIsVisible = 0;
			defaultConfigurationName = Release;
		};
/* End XCConfigurationList section */
	};
	rootObject = 9240CBD21D2EA32B00239B7E /* Project object */;
}
